
Microsoft Visual Studio Solution File, Format Version 12.00
# Visual Studio Version 16
VisualStudioVersion = 16.0.28803.202
MinimumVisualStudioVersion = 10.0.40219.1
Project("{FAE04EC0-301F-11D3-BF4B-00C04F79EFBC}") = "ThreadPoolDemo", "ThreadPoolDemo.csproj", "{2BD760DF-45DE-41B7-B125-052FBC634405}"
EndProject
Global
	GlobalSection(SolutionConfigurationPlatforms) = preSolution
		Debug|Any CPU = Debug|Any CPU
		Release|Any CPU = Release|Any CPU
	EndGlobalSection
	GlobalSection(ProjectConfigurationPlatforms) = postSolution
		{2BD760DF-45DE-41B7-B125-052FBC634405}.Debug|Any CPU.ActiveCfg = Debug|Any CPU
		{2BD760DF-45DE-41B7-B125-052FBC634405}.Debug|Any CPU.Build.0 = Debug|Any CPU
		{2BD760DF-45DE-41B7-B125-052FBC634405}.Release|Any CPU.ActiveCfg = Release|Any CPU
		{2BD760DF-45DE-41B7-B125-052FBC634405}.Release|Any CPU.Build.0 = Release|Any CPU
	EndGlobalSection
	GlobalSection(SolutionProperties) = preSolution
		HideSolutionNode = FALSE
	EndGlobalSection
	GlobalSection(ExtensibilityGlobals) = postSolution
		SolutionGuid = {4C9D73DD-13BC-4001-947C-0DAD3F648D96}
	EndGlobalSection
EndGlobal
